
Microsoft Visual Studio Solution File, Format Version 12.00
# Visual Studio Version 16
VisualStudioVersion = 16.0.31025.194
MinimumVisualStudioVersion = 10.0.40219.1
Project("{FAE04EC0-301F-11D3-BF4B-00C04F79EFBC}") = "SuppressMapClientErrorsIssue", "SuppressMapClientErrorsIssue.csproj", "{7D49AEF4-5A27-45D6-89E1-D7B65D07CCCC}"
EndProject
Global
	GlobalSection(SolutionConfigurationPlatforms) = preSolution
		Debug|Any CPU = Debug|Any CPU
		Release|Any CPU = Release|Any CPU
	EndGlobalSection
	GlobalSection(ProjectConfigurationPlatforms) = postSolution
		{7D49AEF4-5A27-45D6-89E1-D7B65D07CCCC}.Debug|Any CPU.ActiveCfg = Debug|Any CPU
		{7D49AEF4-5A27-45D6-89E1-D7B65D07CCCC}.Debug|Any CPU.Build.0 = Debug|Any CPU
		{7D49AEF4-5A27-45D6-89E1-D7B65D07CCCC}.Release|Any CPU.ActiveCfg = Release|Any CPU
		{7D49AEF4-5A27-45D6-89E1-D7B65D07CCCC}.Release|Any CPU.Build.0 = Release|Any CPU
	EndGlobalSection
	GlobalSection(SolutionProperties) = preSolution
		HideSolutionNode = FALSE
	EndGlobalSection
	GlobalSection(ExtensibilityGlobals) = postSolution
		SolutionGuid = {C3B211C0-F3AB-4734-A901-EBDF4DDD3F44}
	EndGlobalSection
EndGlobal
